
Microsoft Visual Studio Solution File, Format Version 11.00
# Visual Studio 2010
Project("{FAE04EC0-301F-11D3-BF4B-00C04F79EFBC}") = "SRunner", "Assembly-CSharp.csproj", "{A791FCDB-59CE-720E-6C0A-104D0A92F73E}"
EndProject
Global
	GlobalSection(SolutionConfigurationPlatforms) = preSolution
		Debug|Any CPU = Debug|Any CPU
		Release|Any CPU = Release|Any CPU
	EndGlobalSection
	GlobalSection(ProjectConfigurationPlatforms) = postSolution
		{A791FCDB-59CE-720E-6C0A-104D0A92F73E}.Debug|Any CPU.ActiveCfg = Debug|Any CPU
		{A791FCDB-59CE-720E-6C0A-104D0A92F73E}.Debug|Any CPU.Build.0 = Debug|Any CPU
		{A791FCDB-59CE-720E-6C0A-104D0A92F73E}.Release|Any CPU.ActiveCfg = Release|Any CPU
		{A791FCDB-59CE-720E-6C0A-104D0A92F73E}.Release|Any CPU.Build.0 = Release|Any CPU
	EndGlobalSection
	GlobalSection(SolutionProperties) = preSolution
		HideSolutionNode = FALSE
	EndGlobalSection
	GlobalSection(MonoDevelopProperties) = preSolution
		StartupItem = Assembly-CSharp.csproj
	EndGlobalSection
EndGlobal
